{
  "pins" : [
    {
      "identity" : "arm64-to-sim",
      "kind" : "remoteSourceControl",
      "location" : "https://github.com/d-date/arm64-to-sim.git",
      "state" : {
        "branch" : "ignore-header",
        "revision" : "d3f00f1d112a659723e6264191a9c452e36a187c"
      }
    },
    {
      "identity" : "shellout",
      "kind" : "remoteSourceControl",
      "location" : "https://github.com/JohnSundell/ShellOut.git",
      "state" : {
        "revision" : "e1577acf2b6e90086d01a6d5e2b8efdaae033568",
        "version" : "2.3.0"
      }
    },
    {
      "identity" : "swift-argument-parser",
      "kind" : "remoteSourceControl",
      "location" : "https://github.com/apple/swift-argument-parser.git",
      "state" : {
        "revision" : "986d191f94cec88f6350056da59c2e59e83d1229",
        "version" : "0.4.3"
      }
    }
  ],
  "version" : 2
}
